
Microsoft Visual Studio Solution File, Format Version 12.00
# Visual Studio Version 17
VisualStudioVersion = 17.0.32014.148
MinimumVisualStudioVersion = 10.0.40219.1
Project("{FAE04EC0-301F-11D3-BF4B-00C04F79EFBC}") = "Armory", "Armory\Armory.csproj", "{2974A341-692E-453F-BCB9-DB17F625155B}"
EndProject
Global
	GlobalSection(SolutionConfigurationPlatforms) = preSolution
		Debug|Any CPU = Debug|Any CPU
		Release|Any CPU = Release|Any CPU
	EndGlobalSection
	GlobalSection(ProjectConfigurationPlatforms) = postSolution
		{2974A341-692E-453F-BCB9-DB17F625155B}.Debug|Any CPU.ActiveCfg = Debug|Any CPU
		{2974A341-692E-453F-BCB9-DB17F625155B}.Debug|Any CPU.Build.0 = Debug|Any CPU
		{2974A341-692E-453F-BCB9-DB17F625155B}.Release|Any CPU.ActiveCfg = Release|Any CPU
		{2974A341-692E-453F-BCB9-DB17F625155B}.Release|Any CPU.Build.0 = Release|Any CPU
	EndGlobalSection
	GlobalSection(SolutionProperties) = preSolution
		HideSolutionNode = FALSE
	EndGlobalSection
	GlobalSection(ExtensibilityGlobals) = postSolution
		SolutionGuid = {0E82E1E1-D43F-4C6F-A715-FC6469970A19}
	EndGlobalSection
EndGlobal
